
Microsoft Visual Studio Solution File, Format Version 12.00
# Visual Studio 14
VisualStudioVersion = 14.0.25420.1
MinimumVisualStudioVersion = 10.0.40219.1
Project("{F2A71F9B-5D33-465A-A702-920D77279786}") = "GameXMLParser", "GameXMLParser\GameXMLParser.fsproj", "{F7C687D0-6A94-44BA-89AF-0E1C45BA9270}"
EndProject
Project("{F2A71F9B-5D33-465A-A702-920D77279786}") = "Tests", "Tests\Tests.fsproj", "{EFE82388-315E-40A8-AB17-357EF3D14B31}"
EndProject
Global
	GlobalSection(SolutionConfigurationPlatforms) = preSolution
		Debug|Any CPU = Debug|Any CPU
		Release|Any CPU = Release|Any CPU
	EndGlobalSection
	GlobalSection(ProjectConfigurationPlatforms) = postSolution
		{F7C687D0-6A94-44BA-89AF-0E1C45BA9270}.Debug|Any CPU.ActiveCfg = Debug|Any CPU
		{F7C687D0-6A94-44BA-89AF-0E1C45BA9270}.Debug|Any CPU.Build.0 = Debug|Any CPU
		{F7C687D0-6A94-44BA-89AF-0E1C45BA9270}.Release|Any CPU.ActiveCfg = Release|Any CPU
		{F7C687D0-6A94-44BA-89AF-0E1C45BA9270}.Release|Any CPU.Build.0 = Release|Any CPU
		{EFE82388-315E-40A8-AB17-357EF3D14B31}.Debug|Any CPU.ActiveCfg = Debug|Any CPU
		{EFE82388-315E-40A8-AB17-357EF3D14B31}.Debug|Any CPU.Build.0 = Debug|Any CPU
		{EFE82388-315E-40A8-AB17-357EF3D14B31}.Release|Any CPU.ActiveCfg = Release|Any CPU
		{EFE82388-315E-40A8-AB17-357EF3D14B31}.Release|Any CPU.Build.0 = Release|Any CPU
	EndGlobalSection
	GlobalSection(SolutionProperties) = preSolution
		HideSolutionNode = FALSE
	EndGlobalSection
EndGlobal
